// !$*UTF8*$!
{
	archiveVersion = 1;
	classes = {
	};
	objectVersion = 50;
	objects = {

/* Begin PBXBuildFile section */
		A60AEF6322365F8600FD3A7F /* JojoCore.framework in Frameworks */ = {isa = PBXBuildFile; fileRef = A60AEF5A22365F8500FD3A7F /* JojoCore.framework */; };
		A60AEF6822365F8600FD3A7F /* JojoCoreTests.swift in Sources */ = {isa = PBXBuildFile; fileRef = A60AEF6722365F8600FD3A7F /* JojoCoreTests.swift */; };
		A60AEF6A22365F8600FD3A7F /* JojoCore.h in Headers */ = {isa = PBXBuildFile; fileRef = A60AEF5C22365F8500FD3A7F /* JojoCore.h */; settings = {ATTRIBUTES = (Public, ); }; };
		A60AEF7122365FA300FD3A7F /* ResponseParameters.swift in Sources */ = {isa = PBXBuildFile; fileRef = A60AEF5322365C9300FD3A7F /* ResponseParameters.swift */; };
		A60AEF7322365FEC00FD3A7F /* Typealias.swift in Sources */ = {isa = PBXBuildFile; fileRef = A65E436F222D4F0C0020EC0F /* Typealias.swift */; };
		A60AEF752236600400FD3A7F /* Response.swift in Sources */ = {isa = PBXBuildFile; fileRef = A673161C21F73D3400ECD04E /* Response.swift */; };
		A60AEF772236600A00FD3A7F /* IRestful.swift in Sources */ = {isa = PBXBuildFile; fileRef = A673161F21F73D3400ECD04E /* IRestful.swift */; };
		A60AEF782236600D00FD3A7F /* IRemoteRepository.swift in Sources */ = {isa = PBXBuildFile; fileRef = A673161D21F73D3400ECD04E /* IRemoteRepository.swift */; };
		A60AEF792236601100FD3A7F /* IConnection.swift in Sources */ = {isa = PBXBuildFile; fileRef = A673161A21F73D3300ECD04E /* IConnection.swift */; };
		A60AEF7A2236601500FD3A7F /* DefaultConnection.swift in Sources */ = {isa = PBXBuildFile; fileRef = A673163521F746F900ECD04E /* DefaultConnection.swift */; };
		A60AEF7B2236601800FD3A7F /* HTTP.swift in Sources */ = {isa = PBXBuildFile; fileRef = A673161B21F73D3300ECD04E /* HTTP.swift */; };
		A60AEF7C2236601B00FD3A7F /* RemoteLayer.swift in Sources */ = {isa = PBXBuildFile; fileRef = A673162F21F7433600ECD04E /* RemoteLayer.swift */; };
		A60AEF7D2236666C00FD3A7F /* SharedPreferenceCache.swift in Sources */ = {isa = PBXBuildFile; fileRef = A673160F21F73D0F00ECD04E /* SharedPreferenceCache.swift */; };
		A60AEF7E2236666F00FD3A7F /* Query.swift in Sources */ = {isa = PBXBuildFile; fileRef = A673160D21F73D0F00ECD04E /* Query.swift */; };
		A60AEF7F2236667300FD3A7F /* Persistable.swift in Sources */ = {isa = PBXBuildFile; fileRef = A673160A21F73D0F00ECD04E /* Persistable.swift */; };
		A60AEF802236667600FD3A7F /* LocalRepository.swift in Sources */ = {isa = PBXBuildFile; fileRef = A673160921F73D0E00ECD04E /* LocalRepository.swift */; };
		A60AEF812236667A00FD3A7F /* LocalLayer.swift in Sources */ = {isa = PBXBuildFile; fileRef = A673162B21F7430900ECD04E /* LocalLayer.swift */; };
		A60AEF822236667D00FD3A7F /* IRepositoryQuery.swift in Sources */ = {isa = PBXBuildFile; fileRef = A673160E21F73D0F00ECD04E /* IRepositoryQuery.swift */; };
		A60AEF832236668100FD3A7F /* IRepositoryCRUD.swift in Sources */ = {isa = PBXBuildFile; fileRef = A673160B21F73D0F00ECD04E /* IRepositoryCRUD.swift */; };
		A60AEF842236668400FD3A7F /* IDataBase.swift in Sources */ = {isa = PBXBuildFile; fileRef = A673160C21F73D0F00ECD04E /* IDataBase.swift */; };
		A60AEF852236668700FD3A7F /* Cache.swift in Sources */ = {isa = PBXBuildFile; fileRef = A673160821F73D0E00ECD04E /* Cache.swift */; };
		A60AEF862236669100FD3A7F /* Server.swift in Sources */ = {isa = PBXBuildFile; fileRef = A65A0293222449D500B6E245 /* Server.swift */; };
		A60AEF872236669400FD3A7F /* Endpoint.swift in Sources */ = {isa = PBXBuildFile; fileRef = A65A0291222449C000B6E245 /* Endpoint.swift */; };
		A60AEF882236669700FD3A7F /* ModuleExcutor.swift in Sources */ = {isa = PBXBuildFile; fileRef = A65A028F222449A200B6E245 /* ModuleExcutor.swift */; };
		A60AEF892236669A00FD3A7F /* Module.swift in Sources */ = {isa = PBXBuildFile; fileRef = A64D1F4222047018000DCCB4 /* Module.swift */; };
		A60AEF8A2236669D00FD3A7F /* IModule.swift in Sources */ = {isa = PBXBuildFile; fileRef = A65A028D2223FB9F00B6E245 /* IModule.swift */; };
		A60AEF8C223666A700FD3A7F /* Constants.swift in Sources */ = {isa = PBXBuildFile; fileRef = A673163B21F7489D00ECD04E /* Constants.swift */; };
		A60AEF8D223666AB00FD3A7F /* Utils.swift in Sources */ = {isa = PBXBuildFile; fileRef = A673163921F7482800ECD04E /* Utils.swift */; };
		A60AEF8E223666AE00FD3A7F /* Dictionary.swift in Sources */ = {isa = PBXBuildFile; fileRef = A673163721F747B600ECD04E /* Dictionary.swift */; };
		A60AEF8F223666B100FD3A7F /* Logger.swift in Sources */ = {isa = PBXBuildFile; fileRef = A673160221F73CB300ECD04E /* Logger.swift */; };
		A60AEF90223666B800FD3A7F /* ConnectionNotSet.swift in Sources */ = {isa = PBXBuildFile; fileRef = A673160521F73CD400ECD04E /* ConnectionNotSet.swift */; };
		A60AEF91223666C200FD3A7F /* RemoteBuilder.swift in Sources */ = {isa = PBXBuildFile; fileRef = A6644F3A2226A48B00F6F766 /* RemoteBuilder.swift */; };
		A60AEF92223666C500FD3A7F /* Remote.swift in Sources */ = {isa = PBXBuildFile; fileRef = A64D1F4422047038000DCCB4 /* Remote.swift */; };
		A60AEFD02237BB8A00FD3A7F /* Local.swift in Sources */ = {isa = PBXBuildFile; fileRef = A60AEFCF2237BB8A00FD3A7F /* Local.swift */; };
		A64CE9C222CB61ED00DE9E24 /* String.swift in Sources */ = {isa = PBXBuildFile; fileRef = A64CE9C122CB61ED00DE9E24 /* String.swift */; };
		A64CE9C422CB67AD00DE9E24 /* Task.swift in Sources */ = {isa = PBXBuildFile; fileRef = A64CE9C322CB67AD00DE9E24 /* Task.swift */; };
		A67315F521F700DD00ECD04E /* JojoCoreTests.swift in Sources */ = {isa = PBXBuildFile; fileRef = A67315F421F700DD00ECD04E /* JojoCoreTests.swift */; };
		A6D5E50622E5CEA100DFB043 /* Upload.swift in Sources */ = {isa = PBXBuildFile; fileRef = A6D5E50522E5CEA100DFB043 /* Upload.swift */; };
/* End PBXBuildFile section */

/* Begin PBXContainerItemProxy section */
		A60AEF6422365F8600FD3A7F /* PBXContainerItemProxy */ = {
			isa = PBXContainerItemProxy;
			containerPortal = A67315DD21F700DC00ECD04E /* Project object */;
			proxyType = 1;
			remoteGlobalIDString = A60AEF5922365F8500FD3A7F;
			remoteInfo = JojoCore;
		};
/* End PBXContainerItemProxy section */

/* Begin PBXFileReference section */
		A60AEF5322365C9300FD3A7F /* ResponseParameters.swift */ = {isa = PBXFileReference; lastKnownFileType = sourcecode.swift; path = ResponseParameters.swift; sourceTree = "<group>"; };
		A60AEF5A22365F8500FD3A7F /* JojoCore.framework */ = {isa = PBXFileReference; explicitFileType = wrapper.framework; includeInIndex = 0; path = JojoCore.framework; sourceTree = BUILT_PRODUCTS_DIR; };
		A60AEF5C22365F8500FD3A7F /* JojoCore.h */ = {isa = PBXFileReference; lastKnownFileType = sourcecode.c.h; path = JojoCore.h; sourceTree = "<group>"; };
		A60AEF5D22365F8500FD3A7F /* Info.plist */ = {isa = PBXFileReference; lastKnownFileType = text.plist.xml; path = Info.plist; sourceTree = "<group>"; };
		A60AEF6222365F8600FD3A7F /* JojoCoreTests.xctest */ = {isa = PBXFileReference; explicitFileType = wrapper.cfbundle; includeInIndex = 0; path = JojoCoreTests.xctest; sourceTree = BUILT_PRODUCTS_DIR; };
		A60AEF6722365F8600FD3A7F /* JojoCoreTests.swift */ = {isa = PBXFileReference; lastKnownFileType = sourcecode.swift; path = JojoCoreTests.swift; sourceTree = "<group>"; };
		A60AEF6922365F8600FD3A7F /* Info.plist */ = {isa = PBXFileReference; lastKnownFileType = text.plist.xml; path = Info.plist; sourceTree = "<group>"; };
		A60AEFCF2237BB8A00FD3A7F /* Local.swift */ = {isa = PBXFileReference; lastKnownFileType = sourcecode.swift; path = Local.swift; sourceTree = "<group>"; };
		A64CE9C122CB61ED00DE9E24 /* String.swift */ = {isa = PBXFileReference; lastKnownFileType = sourcecode.swift; path = String.swift; sourceTree = "<group>"; };
		A64CE9C322CB67AD00DE9E24 /* Task.swift */ = {isa = PBXFileReference; lastKnownFileType = sourcecode.swift; path = Task.swift; sourceTree = "<group>"; };
		A64D1F4222047018000DCCB4 /* Module.swift */ = {isa = PBXFileReference; lastKnownFileType = sourcecode.swift; path = Module.swift; sourceTree = "<group>"; };
		A64D1F4422047038000DCCB4 /* Remote.swift */ = {isa = PBXFileReference; lastKnownFileType = sourcecode.swift; path = Remote.swift; sourceTree = "<group>"; };
		A65A028D2223FB9F00B6E245 /* IModule.swift */ = {isa = PBXFileReference; lastKnownFileType = sourcecode.swift; path = IModule.swift; sourceTree = "<group>"; };
		A65A028F222449A200B6E245 /* ModuleExcutor.swift */ = {isa = PBXFileReference; lastKnownFileType = sourcecode.swift; path = ModuleExcutor.swift; sourceTree = "<group>"; };
		A65A0291222449C000B6E245 /* Endpoint.swift */ = {isa = PBXFileReference; lastKnownFileType = sourcecode.swift; path = Endpoint.swift; sourceTree = "<group>"; };
		A65A0293222449D500B6E245 /* Server.swift */ = {isa = PBXFileReference; lastKnownFileType = sourcecode.swift; path = Server.swift; sourceTree = "<group>"; };
		A65E436F222D4F0C0020EC0F /* Typealias.swift */ = {isa = PBXFileReference; lastKnownFileType = sourcecode.swift; path = Typealias.swift; sourceTree = "<group>"; };
		A6644F3A2226A48B00F6F766 /* RemoteBuilder.swift */ = {isa = PBXFileReference; lastKnownFileType = sourcecode.swift; path = RemoteBuilder.swift; sourceTree = "<group>"; };
		A67315E921F700DC00ECD04E /* JojoCore.h */ = {isa = PBXFileReference; lastKnownFileType = sourcecode.c.h; path = JojoCore.h; sourceTree = "<group>"; };
		A67315EA21F700DC00ECD04E /* Info.plist */ = {isa = PBXFileReference; lastKnownFileType = text.plist.xml; path = Info.plist; sourceTree = "<group>"; };
		A67315EF21F700DD00ECD04E /* JojoCoreTests.xctest */ = {isa = PBXFileReference; explicitFileType = wrapper.cfbundle; includeInIndex = 0; path = JojoCoreTests.xctest; sourceTree = BUILT_PRODUCTS_DIR; };
		A67315F421F700DD00ECD04E /* JojoCoreTests.swift */ = {isa = PBXFileReference; lastKnownFileType = sourcecode.swift; path = JojoCoreTests.swift; sourceTree = "<group>"; };
		A67315F621F700DD00ECD04E /* Info.plist */ = {isa = PBXFileReference; lastKnownFileType = text.plist.xml; path = Info.plist; sourceTree = "<group>"; };
		A673160221F73CB300ECD04E /* Logger.swift */ = {isa = PBXFileReference; fileEncoding = 4; lastKnownFileType = sourcecode.swift; path = Logger.swift; sourceTree = "<group>"; };
		A673160521F73CD400ECD04E /* ConnectionNotSet.swift */ = {isa = PBXFileReference; fileEncoding = 4; lastKnownFileType = sourcecode.swift; path = ConnectionNotSet.swift; sourceTree = "<group>"; };
		A673160821F73D0E00ECD04E /* Cache.swift */ = {isa = PBXFileReference; fileEncoding = 4; lastKnownFileType = sourcecode.swift; path = Cache.swift; sourceTree = "<group>"; };
		A673160921F73D0E00ECD04E /* LocalRepository.swift */ = {isa = PBXFileReference; fileEncoding = 4; lastKnownFileType = sourcecode.swift; path = LocalRepository.swift; sourceTree = "<group>"; };
		A673160A21F73D0F00ECD04E /* Persistable.swift */ = {isa = PBXFileReference; fileEncoding = 4; lastKnownFileType = sourcecode.swift; path = Persistable.swift; sourceTree = "<group>"; };
		A673160B21F73D0F00ECD04E /* IRepositoryCRUD.swift */ = {isa = PBXFileReference; fileEncoding = 4; lastKnownFileType = sourcecode.swift; path = IRepositoryCRUD.swift; sourceTree = "<group>"; };
		A673160C21F73D0F00ECD04E /* IDataBase.swift */ = {isa = PBXFileReference; fileEncoding = 4; lastKnownFileType = sourcecode.swift; path = IDataBase.swift; sourceTree = "<group>"; };
		A673160D21F73D0F00ECD04E /* Query.swift */ = {isa = PBXFileReference; fileEncoding = 4; lastKnownFileType = sourcecode.swift; path = Query.swift; sourceTree = "<group>"; };
		A673160E21F73D0F00ECD04E /* IRepositoryQuery.swift */ = {isa = PBXFileReference; fileEncoding = 4; lastKnownFileType = sourcecode.swift; path = IRepositoryQuery.swift; sourceTree = "<group>"; };
		A673160F21F73D0F00ECD04E /* SharedPreferenceCache.swift */ = {isa = PBXFileReference; fileEncoding = 4; lastKnownFileType = sourcecode.swift; path = SharedPreferenceCache.swift; sourceTree = "<group>"; };
		A673161A21F73D3300ECD04E /* IConnection.swift */ = {isa = PBXFileReference; fileEncoding = 4; lastKnownFileType = sourcecode.swift; path = IConnection.swift; sourceTree = "<group>"; };
		A673161B21F73D3300ECD04E /* HTTP.swift */ = {isa = PBXFileReference; fileEncoding = 4; lastKnownFileType = sourcecode.swift; path = HTTP.swift; sourceTree = "<group>"; };
		A673161C21F73D3400ECD04E /* Response.swift */ = {isa = PBXFileReference; fileEncoding = 4; lastKnownFileType = sourcecode.swift; path = Response.swift; sourceTree = "<group>"; };
		A673161D21F73D3400ECD04E /* IRemoteRepository.swift */ = {isa = PBXFileReference; fileEncoding = 4; lastKnownFileType = sourcecode.swift; path = IRemoteRepository.swift; sourceTree = "<group>"; };
		A673161F21F73D3400ECD04E /* IRestful.swift */ = {isa = PBXFileReference; fileEncoding = 4; lastKnownFileType = sourcecode.swift; path = IRestful.swift; sourceTree = "<group>"; };
		A673162B21F7430900ECD04E /* LocalLayer.swift */ = {isa = PBXFileReference; fileEncoding = 4; lastKnownFileType = sourcecode.swift; path = LocalLayer.swift; sourceTree = "<group>"; };
		A673162F21F7433600ECD04E /* RemoteLayer.swift */ = {isa = PBXFileReference; fileEncoding = 4; lastKnownFileType = sourcecode.swift; path = RemoteLayer.swift; sourceTree = "<group>"; };
		A673163521F746F900ECD04E /* DefaultConnection.swift */ = {isa = PBXFileReference; fileEncoding = 4; lastKnownFileType = sourcecode.swift; path = DefaultConnection.swift; sourceTree = "<group>"; };
		A673163721F747B600ECD04E /* Dictionary.swift */ = {isa = PBXFileReference; fileEncoding = 4; lastKnownFileType = sourcecode.swift; path = Dictionary.swift; sourceTree = "<group>"; };
		A673163921F7482800ECD04E /* Utils.swift */ = {isa = PBXFileReference; fileEncoding = 4; lastKnownFileType = sourcecode.swift; path = Utils.swift; sourceTree = "<group>"; };
		A673163B21F7489D00ECD04E /* Constants.swift */ = {isa = PBXFileReference; fileEncoding = 4; lastKnownFileType = sourcecode.swift; path = Constants.swift; sourceTree = "<group>"; };
		A6D5E50522E5CEA100DFB043 /* Upload.swift */ = {isa = PBXFileReference; lastKnownFileType = sourcecode.swift; path = Upload.swift; sourceTree = "<group>"; };
/* End PBXFileReference section */

/* Begin PBXFrameworksBuildPhase section */
		A60AEF5722365F8500FD3A7F /* Frameworks */ = {
			isa = PBXFrameworksBuildPhase;
			buildActionMask = 2147483647;
			files = (
			);
			runOnlyForDeploymentPostprocessing = 0;
		};
		A60AEF5F22365F8600FD3A7F /* Frameworks */ = {
			isa = PBXFrameworksBuildPhase;
			buildActionMask = 2147483647;
			files = (
				A60AEF6322365F8600FD3A7F /* JojoCore.framework in Frameworks */,
			);
			runOnlyForDeploymentPostprocessing = 0;
		};
		A67315EC21F700DD00ECD04E /* Frameworks */ = {
			isa = PBXFrameworksBuildPhase;
			buildActionMask = 2147483647;
			files = (
			);
			runOnlyForDeploymentPostprocessing = 0;
		};
/* End PBXFrameworksBuildPhase section */

/* Begin PBXGroup section */
		3383C923D4D6344B22059E5F /* Frameworks */ = {
			isa = PBXGroup;
			children = (
			);
			name = Frameworks;
			sourceTree = "<group>";
		};
		A60AEF5B22365F8500FD3A7F /* JojoCore */ = {
			isa = PBXGroup;
			children = (
				A60AEF5C22365F8500FD3A7F /* JojoCore.h */,
				A60AEF5D22365F8500FD3A7F /* Info.plist */,
			);
			path = JojoCore;
			sourceTree = "<group>";
		};
		A60AEF6622365F8600FD3A7F /* JojoCoreTests */ = {
			isa = PBXGroup;
			children = (
				A60AEF6722365F8600FD3A7F /* JojoCoreTests.swift */,
				A60AEF6922365F8600FD3A7F /* Info.plist */,
			);
			path = JojoCoreTests;
			sourceTree = "<group>";
		};
		A668120E2223E03300D92F01 /* Environment */ = {
			isa = PBXGroup;
			children = (
				A65A028D2223FB9F00B6E245 /* IModule.swift */,
				A64D1F4222047018000DCCB4 /* Module.swift */,
				A65A028F222449A200B6E245 /* ModuleExcutor.swift */,
				A65A0291222449C000B6E245 /* Endpoint.swift */,
				A65A0293222449D500B6E245 /* Server.swift */,
			);
			path = Environment;
			sourceTree = "<group>";
		};
		A67315DC21F700DC00ECD04E = {
			isa = PBXGroup;
			children = (
				A67315E821F700DC00ECD04E /* JojoCore */,
				A67315F321F700DD00ECD04E /* JojoCoreTests */,
				A60AEF5B22365F8500FD3A7F /* JojoCore */,
				A60AEF6622365F8600FD3A7F /* JojoCoreTests */,
				A67315E721F700DC00ECD04E /* Products */,
				3383C923D4D6344B22059E5F /* Frameworks */,
			);
			sourceTree = "<group>";
		};
		A67315E721F700DC00ECD04E /* Products */ = {
			isa = PBXGroup;
			children = (
				A67315EF21F700DD00ECD04E /* JojoCoreTests.xctest */,
				A60AEF5A22365F8500FD3A7F /* JojoCore.framework */,
				A60AEF6222365F8600FD3A7F /* JojoCoreTests.xctest */,
			);
			name = Products;
			sourceTree = "<group>";
		};
		A67315E821F700DC00ECD04E /* JojoCore */ = {
			isa = PBXGroup;
			children = (
				A673160021F737B000ECD04E /* Core */,
				A67315E921F700DC00ECD04E /* JojoCore.h */,
				A67315EA21F700DC00ECD04E /* Info.plist */,
			);
			path = JojoCore;
			sourceTree = "<group>";
		};
		A67315F321F700DD00ECD04E /* JojoCoreTests */ = {
			isa = PBXGroup;
			children = (
				A67315F421F700DD00ECD04E /* JojoCoreTests.swift */,
				A67315F621F700DD00ECD04E /* Info.plist */,
			);
			path = JojoCoreTests;
			sourceTree = "<group>";
		};
		A673160021F737B000ECD04E /* Core */ = {
			isa = PBXGroup;
			children = (
				A673162821F742EF00ECD04E /* Domain */,
				A673162721F73DC500ECD04E /* LIbrary */,
			);
			path = Core;
			sourceTree = "<group>";
		};
		A673160121F737D100ECD04E /* Common */ = {
			isa = PBXGroup;
			children = (
				A673160421F73CC400ECD04E /* Error */,
				A673160221F73CB300ECD04E /* Logger.swift */,
				A673163721F747B600ECD04E /* Dictionary.swift */,
				A673163921F7482800ECD04E /* Utils.swift */,
				A673163B21F7489D00ECD04E /* Constants.swift */,
				A65E436F222D4F0C0020EC0F /* Typealias.swift */,
				A64CE9C122CB61ED00DE9E24 /* String.swift */,
				A64CE9C322CB67AD00DE9E24 /* Task.swift */,
			);
			path = Common;
			sourceTree = "<group>";
		};
		A673160421F73CC400ECD04E /* Error */ = {
			isa = PBXGroup;
			children = (
				A673160521F73CD400ECD04E /* ConnectionNotSet.swift */,
			);
			path = Error;
			sourceTree = "<group>";
		};
		A673160721F73CFB00ECD04E /* Local Layer */ = {
			isa = PBXGroup;
			children = (
				A673160821F73D0E00ECD04E /* Cache.swift */,
				A673160C21F73D0F00ECD04E /* IDataBase.swift */,
				A673160B21F73D0F00ECD04E /* IRepositoryCRUD.swift */,
				A673160E21F73D0F00ECD04E /* IRepositoryQuery.swift */,
				A673162B21F7430900ECD04E /* LocalLayer.swift */,
				A673160921F73D0E00ECD04E /* LocalRepository.swift */,
				A673160A21F73D0F00ECD04E /* Persistable.swift */,
				A673160D21F73D0F00ECD04E /* Query.swift */,
				A673160F21F73D0F00ECD04E /* SharedPreferenceCache.swift */,
			);
			path = "Local Layer";
			sourceTree = "<group>";
		};
		A673161821F73D1C00ECD04E /* Remote Layer */ = {
			isa = PBXGroup;
			children = (
				A673162F21F7433600ECD04E /* RemoteLayer.swift */,
				A673161B21F73D3300ECD04E /* HTTP.swift */,
				A673163521F746F900ECD04E /* DefaultConnection.swift */,
				A6D5E50522E5CEA100DFB043 /* Upload.swift */,
				A673161A21F73D3300ECD04E /* IConnection.swift */,
				A673161D21F73D3400ECD04E /* IRemoteRepository.swift */,
				A673161F21F73D3400ECD04E /* IRestful.swift */,
				A673161C21F73D3400ECD04E /* Response.swift */,
				A60AEF5322365C9300FD3A7F /* ResponseParameters.swift */,
			);
			path = "Remote Layer";
			sourceTree = "<group>";
		};
		A673162721F73DC500ECD04E /* LIbrary */ = {
			isa = PBXGroup;
			children = (
				A673160121F737D100ECD04E /* Common */,
				A668120E2223E03300D92F01 /* Environment */,
				A673160721F73CFB00ECD04E /* Local Layer */,
				A673161821F73D1C00ECD04E /* Remote Layer */,
			);
			path = LIbrary;
			sourceTree = "<group>";
		};
		A673162821F742EF00ECD04E /* Domain */ = {
			isa = PBXGroup;
			children = (
				A64D1F4422047038000DCCB4 /* Remote.swift */,
				A6644F3A2226A48B00F6F766 /* RemoteBuilder.swift */,
				A60AEFCF2237BB8A00FD3A7F /* Local.swift */,
			);
			path = Domain;
			sourceTree = "<group>";
		};
/* End PBXGroup section */

/* Begin PBXHeadersBuildPhase section */
		A60AEF5522365F8500FD3A7F /* Headers */ = {
			isa = PBXHeadersBuildPhase;
			buildActionMask = 2147483647;
			files = (
				A60AEF6A22365F8600FD3A7F /* JojoCore.h in Headers */,
			);
			runOnlyForDeploymentPostprocessing = 0;
		};
/* End PBXHeadersBuildPhase section */

/* Begin PBXNativeTarget section */
		A60AEF5922365F8500FD3A7F /* JojoCore */ = {
			isa = PBXNativeTarget;
			buildConfigurationList = A60AEF6B22365F8600FD3A7F /* Build configuration list for PBXNativeTarget "JojoCore" */;
			buildPhases = (
				A60AEF5522365F8500FD3A7F /* Headers */,
				A60AEF5622365F8500FD3A7F /* Sources */,
				A60AEF5722365F8500FD3A7F /* Frameworks */,
				A60AEF5822365F8500FD3A7F /* Resources */,
			);
			buildRules = (
			);
			dependencies = (
			);
			name = JojoCore;
			productName = JojoCore;
			productReference = A60AEF5A22365F8500FD3A7F /* JojoCore.framework */;
			productType = "com.apple.product-type.framework";
		};
		A60AEF6122365F8600FD3A7F /* JojoCoreTests */ = {
			isa = PBXNativeTarget;
			buildConfigurationList = A60AEF6E22365F8600FD3A7F /* Build configuration list for PBXNativeTarget "JojoCoreTests" */;
			buildPhases = (
				A60AEF5E22365F8600FD3A7F /* Sources */,
				A60AEF5F22365F8600FD3A7F /* Frameworks */,
				A60AEF6022365F8600FD3A7F /* Resources */,
			);
			buildRules = (
			);
			dependencies = (
				A60AEF6522365F8600FD3A7F /* PBXTargetDependency */,
			);
			name = JojoCoreTests;
			productName = JojoCoreTests;
			productReference = A60AEF6222365F8600FD3A7F /* JojoCoreTests.xctest */;
			productType = "com.apple.product-type.bundle.unit-test";
		};
		A67315EE21F700DD00ECD04E /* JojoCoreTests */ = {
			isa = PBXNativeTarget;
			buildConfigurationList = A67315FD21F700DD00ECD04E /* Build configuration list for PBXNativeTarget "JojoCoreTests" */;
			buildPhases = (
				61DA2C364575711388760748 /* [CP] Check Pods Manifest.lock */,
				A67315EB21F700DD00ECD04E /* Sources */,
				A67315EC21F700DD00ECD04E /* Frameworks */,
				A67315ED21F700DD00ECD04E /* Resources */,
			);
			buildRules = (
			);
			dependencies = (
			);
			name = JojoCoreTests;
			productName = JojoCoreTests;
			productReference = A67315EF21F700DD00ECD04E /* JojoCoreTests.xctest */;
			productType = "com.apple.product-type.bundle.unit-test";
		};
/* End PBXNativeTarget section */

/* Begin PBXProject section */
		A67315DD21F700DC00ECD04E /* Project object */ = {
			isa = PBXProject;
			attributes = {
				LastSwiftUpdateCheck = 1010;
				LastUpgradeCheck = 1010;
				ORGANIZATIONNAME = flint;
				TargetAttributes = {
					A60AEF5922365F8500FD3A7F = {
						CreatedOnToolsVersion = 10.1;
						LastSwiftMigration = 1020;
					};
					A60AEF6122365F8600FD3A7F = {
						CreatedOnToolsVersion = 10.1;
						LastSwiftMigration = 1020;
					};
					A67315EE21F700DD00ECD04E = {
						CreatedOnToolsVersion = 10.1;
					};
				};
			};
			buildConfigurationList = A67315E021F700DC00ECD04E /* Build configuration list for PBXProject "JojoCore" */;
			compatibilityVersion = "Xcode 9.3";
			developmentRegion = en;
			hasScannedForEncodings = 0;
			knownRegions = (
				en,
				Base,
			);
			mainGroup = A67315DC21F700DC00ECD04E;
			productRefGroup = A67315E721F700DC00ECD04E /* Products */;
			projectDirPath = "";
			projectRoot = "";
			targets = (
				A67315EE21F700DD00ECD04E /* JojoCoreTests */,
				A60AEF5922365F8500FD3A7F /* JojoCore */,
				A60AEF6122365F8600FD3A7F /* JojoCoreTests */,
			);
		};
/* End PBXProject section */

/* Begin PBXResourcesBuildPhase section */
		A60AEF5822365F8500FD3A7F /* Resources */ = {
			isa = PBXResourcesBuildPhase;
			buildActionMask = 2147483647;
			files = (
			);
			runOnlyForDeploymentPostprocessing = 0;
		};
		A60AEF6022365F8600FD3A7F /* Resources */ = {
			isa = PBXResourcesBuildPhase;
			buildActionMask = 2147483647;
			files = (
			);
			runOnlyForDeploymentPostprocessing = 0;
		};
		A67315ED21F700DD00ECD04E /* Resources */ = {
			isa = PBXResourcesBuildPhase;
			buildActionMask = 2147483647;
			files = (
			);
			runOnlyForDeploymentPostprocessing = 0;
		};
/* End PBXResourcesBuildPhase section */

/* Begin PBXShellScriptBuildPhase section */
		61DA2C364575711388760748 /* [CP] Check Pods Manifest.lock */ = {
			isa = PBXShellScriptBuildPhase;
			buildActionMask = 2147483647;
			files = (
			);
			inputFileListPaths = (
			);
			inputPaths = (
				"${PODS_PODFILE_DIR_PATH}/Podfile.lock",
				"${PODS_ROOT}/Manifest.lock",
			);
			name = "[CP] Check Pods Manifest.lock";
			outputFileListPaths = (
			);
			outputPaths = (
				"$(DERIVED_FILE_DIR)/Pods-JojoCoreTests-checkManifestLockResult.txt",
			);
			runOnlyForDeploymentPostprocessing = 0;
			shellPath = /bin/sh;
			shellScript = "diff \"${PODS_PODFILE_DIR_PATH}/Podfile.lock\" \"${PODS_ROOT}/Manifest.lock\" > /dev/null\nif [ $? != 0 ] ; then\n    # print error to STDERR\n    echo \"error: The sandbox is not in sync with the Podfile.lock. Run 'pod install' or update your CocoaPods installation.\" >&2\n    exit 1\nfi\n# This output is used by Xcode 'outputs' to avoid re-running this script phase.\necho \"SUCCESS\" > \"${SCRIPT_OUTPUT_FILE_0}\"\n";
			showEnvVarsInLog = 0;
		};
/* End PBXShellScriptBuildPhase section */

/* Begin PBXSourcesBuildPhase section */
		A60AEF5622365F8500FD3A7F /* Sources */ = {
			isa = PBXSourcesBuildPhase;
			buildActionMask = 2147483647;
			files = (
				A60AEF752236600400FD3A7F /* Response.swift in Sources */,
				A60AEF91223666C200FD3A7F /* RemoteBuilder.swift in Sources */,
				A60AEF7322365FEC00FD3A7F /* Typealias.swift in Sources */,
				A60AEF7F2236667300FD3A7F /* Persistable.swift in Sources */,
				A64CE9C422CB67AD00DE9E24 /* Task.swift in Sources */,
				A60AEF8D223666AB00FD3A7F /* Utils.swift in Sources */,
				A60AEF842236668400FD3A7F /* IDataBase.swift in Sources */,
				A60AEF812236667A00FD3A7F /* LocalLayer.swift in Sources */,
				A60AEF892236669A00FD3A7F /* Module.swift in Sources */,
				A60AEF7A2236601500FD3A7F /* DefaultConnection.swift in Sources */,
				A60AEF852236668700FD3A7F /* Cache.swift in Sources */,
				A60AEF782236600D00FD3A7F /* IRemoteRepository.swift in Sources */,
				A6D5E50622E5CEA100DFB043 /* Upload.swift in Sources */,
				A60AEF92223666C500FD3A7F /* Remote.swift in Sources */,
				A60AEF7C2236601B00FD3A7F /* RemoteLayer.swift in Sources */,
				A60AEF862236669100FD3A7F /* Server.swift in Sources */,
				A60AEF8A2236669D00FD3A7F /* IModule.swift in Sources */,
				A60AEF7B2236601800FD3A7F /* HTTP.swift in Sources */,
				A60AEF822236667D00FD3A7F /* IRepositoryQuery.swift in Sources */,
				A60AEFD02237BB8A00FD3A7F /* Local.swift in Sources */,
				A60AEF882236669700FD3A7F /* ModuleExcutor.swift in Sources */,
				A60AEF7E2236666F00FD3A7F /* Query.swift in Sources */,
				A60AEF832236668100FD3A7F /* IRepositoryCRUD.swift in Sources */,
				A60AEF8E223666AE00FD3A7F /* Dictionary.swift in Sources */,
				A60AEF7D2236666C00FD3A7F /* SharedPreferenceCache.swift in Sources */,
				A60AEF792236601100FD3A7F /* IConnection.swift in Sources */,
				A60AEF7122365FA300FD3A7F /* ResponseParameters.swift in Sources */,
				A60AEF8F223666B100FD3A7F /* Logger.swift in Sources */,
				A60AEF802236667600FD3A7F /* LocalRepository.swift in Sources */,
				A60AEF872236669400FD3A7F /* Endpoint.swift in Sources */,
				A60AEF90223666B800FD3A7F /* ConnectionNotSet.swift in Sources */,
				A60AEF772236600A00FD3A7F /* IRestful.swift in Sources */,
				A64CE9C222CB61ED00DE9E24 /* String.swift in Sources */,
				A60AEF8C223666A700FD3A7F /* Constants.swift in Sources */,
			);
			runOnlyForDeploymentPostprocessing = 0;
		};
		A60AEF5E22365F8600FD3A7F /* Sources */ = {
			isa = PBXSourcesBuildPhase;
			buildActionMask = 2147483647;
			files = (
				A60AEF6822365F8600FD3A7F /* JojoCoreTests.swift in Sources */,
			);
			runOnlyForDeploymentPostprocessing = 0;
		};
		A67315EB21F700DD00ECD04E /* Sources */ = {
			isa = PBXSourcesBuildPhase;
			buildActionMask = 2147483647;
			files = (
				A67315F521F700DD00ECD04E /* JojoCoreTests.swift in Sources */,
			);
			runOnlyForDeploymentPostprocessing = 0;
		};
/* End PBXSourcesBuildPhase section */

/* Begin PBXTargetDependency section */
		A60AEF6522365F8600FD3A7F /* PBXTargetDependency */ = {
			isa = PBXTargetDependency;
			target = A60AEF5922365F8500FD3A7F /* JojoCore */;
			targetProxy = A60AEF6422365F8600FD3A7F /* PBXContainerItemProxy */;
		};
/* End PBXTargetDependency section */

/* Begin XCBuildConfiguration section */
		A60AEF6C22365F8600FD3A7F /* Debug */ = {
			isa = XCBuildConfiguration;
			buildSettings = {
				CODE_SIGN_IDENTITY = "";
				CODE_SIGN_STYLE = Automatic;
				DEFINES_MODULE = YES;
				DEVELOPMENT_TEAM = U845SG237L;
				DYLIB_COMPATIBILITY_VERSION = 1;
				DYLIB_CURRENT_VERSION = 1;
				DYLIB_INSTALL_NAME_BASE = "@rpath";
				INFOPLIST_FILE = JojoCore/Info.plist;
				INSTALL_PATH = "$(LOCAL_LIBRARY_DIR)/Frameworks";
				LD_RUNPATH_SEARCH_PATHS = (
					"$(inherited)",
					"@executable_path/Frameworks",
					"@loader_path/Frameworks",
				);
				PRODUCT_BUNDLE_IDENTIFIER = com.flint.JojoCore;
				PRODUCT_NAME = "$(TARGET_NAME:c99extidentifier)";
				SKIP_INSTALL = YES;
				SWIFT_VERSION = 5.0;
				TARGETED_DEVICE_FAMILY = "1,2";
			};
			name = Debug;
		};
		A60AEF6D22365F8600FD3A7F /* Release */ = {
			isa = XCBuildConfiguration;
			buildSettings = {
				CODE_SIGN_IDENTITY = "";
				CODE_SIGN_STYLE = Automatic;
				DEFINES_MODULE = YES;
				DEVELOPMENT_TEAM = U845SG237L;
				DYLIB_COMPATIBILITY_VERSION = 1;
				DYLIB_CURRENT_VERSION = 1;
				DYLIB_INSTALL_NAME_BASE = "@rpath";
				INFOPLIST_FILE = JojoCore/Info.plist;
				INSTALL_PATH = "$(LOCAL_LIBRARY_DIR)/Frameworks";
				LD_RUNPATH_SEARCH_PATHS = (
					"$(inherited)",
					"@executable_path/Frameworks",
					"@loader_path/Frameworks",
				);
				PRODUCT_BUNDLE_IDENTIFIER = com.flint.JojoCore;
				PRODUCT_NAME = "$(TARGET_NAME:c99extidentifier)";
				SKIP_INSTALL = YES;
				SWIFT_VERSION = 5.0;
				TARGETED_DEVICE_FAMILY = "1,2";
			};
			name = Release;
		};
		A60AEF6F22365F8600FD3A7F /* Debug */ = {
			isa = XCBuildConfiguration;
			buildSettings = {
				ALWAYS_EMBED_SWIFT_STANDARD_LIBRARIES = YES;
				CODE_SIGN_STYLE = Automatic;
				DEVELOPMENT_TEAM = U845SG237L;
				INFOPLIST_FILE = JojoCoreTests/Info.plist;
				LD_RUNPATH_SEARCH_PATHS = (
					"$(inherited)",
					"@executable_path/Frameworks",
					"@loader_path/Frameworks",
				);
				PRODUCT_BUNDLE_IDENTIFIER = com.flint.JojoCoreTests;
				PRODUCT_NAME = "$(TARGET_NAME)";
				SWIFT_VERSION = 5.0;
				TARGETED_DEVICE_FAMILY = "1,2";
			};
			name = Debug;
		};
		A60AEF7022365F8600FD3A7F /* Release */ = {
			isa = XCBuildConfiguration;
			buildSettings = {
				ALWAYS_EMBED_SWIFT_STANDARD_LIBRARIES = YES;
				CODE_SIGN_STYLE = Automatic;
				DEVELOPMENT_TEAM = U845SG237L;
				INFOPLIST_FILE = JojoCoreTests/Info.plist;
				LD_RUNPATH_SEARCH_PATHS = (
					"$(inherited)",
					"@executable_path/Frameworks",
					"@loader_path/Frameworks",
				);
				PRODUCT_BUNDLE_IDENTIFIER = com.flint.JojoCoreTests;
				PRODUCT_NAME = "$(TARGET_NAME)";
				SWIFT_VERSION = 5.0;
				TARGETED_DEVICE_FAMILY = "1,2";
			};
			name = Release;
		};
		A67315F821F700DD00ECD04E /* Debug */ = {
			isa = XCBuildConfiguration;
			buildSettings = {
				ALWAYS_SEARCH_USER_PATHS = NO;
				CLANG_ANALYZER_NONNULL = YES;
				CLANG_ANALYZER_NUMBER_OBJECT_CONVERSION = YES_AGGRESSIVE;
				CLANG_CXX_LANGUAGE_STANDARD = "gnu++14";
				CLANG_CXX_LIBRARY = "libc++";
				CLANG_ENABLE_MODULES = YES;
				CLANG_ENABLE_OBJC_ARC = YES;
				CLANG_ENABLE_OBJC_WEAK = YES;
				CLANG_WARN_BLOCK_CAPTURE_AUTORELEASING = YES;
				CLANG_WARN_BOOL_CONVERSION = YES;
				CLANG_WARN_COMMA = YES;
				CLANG_WARN_CONSTANT_CONVERSION = YES;
				CLANG_WARN_DEPRECATED_OBJC_IMPLEMENTATIONS = YES;
				CLANG_WARN_DIRECT_OBJC_ISA_USAGE = YES_ERROR;
				CLANG_WARN_DOCUMENTATION_COMMENTS = YES;
				CLANG_WARN_EMPTY_BODY = YES;
				CLANG_WARN_ENUM_CONVERSION = YES;
				CLANG_WARN_INFINITE_RECURSION = YES;
				CLANG_WARN_INT_CONVERSION = YES;
				CLANG_WARN_NON_LITERAL_NULL_CONVERSION = YES;
				CLANG_WARN_OBJC_IMPLICIT_RETAIN_SELF = YES;
				CLANG_WARN_OBJC_LITERAL_CONVERSION = YES;
				CLANG_WARN_OBJC_ROOT_CLASS = YES_ERROR;
				CLANG_WARN_RANGE_LOOP_ANALYSIS = YES;
				CLANG_WARN_STRICT_PROTOTYPES = YES;
				CLANG_WARN_SUSPICIOUS_MOVE = YES;
				CLANG_WARN_UNGUARDED_AVAILABILITY = YES_AGGRESSIVE;
				CLANG_WARN_UNREACHABLE_CODE = YES;
				CLANG_WARN__DUPLICATE_METHOD_MATCH = YES;
				CODE_SIGN_IDENTITY = "iPhone Developer";
				COPY_PHASE_STRIP = NO;
				CURRENT_PROJECT_VERSION = 1;
				DEBUG_INFORMATION_FORMAT = dwarf;
				ENABLE_STRICT_OBJC_MSGSEND = YES;
				ENABLE_TESTABILITY = YES;
				GCC_C_LANGUAGE_STANDARD = gnu11;
				GCC_DYNAMIC_NO_PIC = NO;
				GCC_NO_COMMON_BLOCKS = YES;
				GCC_OPTIMIZATION_LEVEL = 0;
				GCC_PREPROCESSOR_DEFINITIONS = (
					"DEBUG=1",
					"$(inherited)",
				);
				GCC_WARN_64_TO_32_BIT_CONVERSION = YES;
				GCC_WARN_ABOUT_RETURN_TYPE = YES_ERROR;
				GCC_WARN_UNDECLARED_SELECTOR = YES;
				GCC_WARN_UNINITIALIZED_AUTOS = YES_AGGRESSIVE;
				GCC_WARN_UNUSED_FUNCTION = YES;
				GCC_WARN_UNUSED_VARIABLE = YES;
				IPHONEOS_DEPLOYMENT_TARGET = 12.1;
				MTL_ENABLE_DEBUG_INFO = INCLUDE_SOURCE;
				MTL_FAST_MATH = YES;
				ONLY_ACTIVE_ARCH = YES;
				SDKROOT = iphoneos;
				SWIFT_ACTIVE_COMPILATION_CONDITIONS = DEBUG;
				SWIFT_OPTIMIZATION_LEVEL = "-Onone";
				VERSIONING_SYSTEM = "apple-generic";
				VERSION_INFO_PREFIX = "";
			};
			name = Debug;
		};
		A67315F921F700DD00ECD04E /* Release */ = {
			isa = XCBuildConfiguration;
			buildSettings = {
				ALWAYS_SEARCH_USER_PATHS = NO;
				CLANG_ANALYZER_NONNULL = YES;
				CLANG_ANALYZER_NUMBER_OBJECT_CONVERSION = YES_AGGRESSIVE;
				CLANG_CXX_LANGUAGE_STANDARD = "gnu++14";
				CLANG_CXX_LIBRARY = "libc++";
				CLANG_ENABLE_MODULES = YES;
				CLANG_ENABLE_OBJC_ARC = YES;
				CLANG_ENABLE_OBJC_WEAK = YES;
				CLANG_WARN_BLOCK_CAPTURE_AUTORELEASING = YES;
				CLANG_WARN_BOOL_CONVERSION = YES;
				CLANG_WARN_COMMA = YES;
				CLANG_WARN_CONSTANT_CONVERSION = YES;
				CLANG_WARN_DEPRECATED_OBJC_IMPLEMENTATIONS = YES;
				CLANG_WARN_DIRECT_OBJC_ISA_USAGE = YES_ERROR;
				CLANG_WARN_DOCUMENTATION_COMMENTS = YES;
				CLANG_WARN_EMPTY_BODY = YES;
				CLANG_WARN_ENUM_CONVERSION = YES;
				CLANG_WARN_INFINITE_RECURSION = YES;
				CLANG_WARN_INT_CONVERSION = YES;
				CLANG_WARN_NON_LITERAL_NULL_CONVERSION = YES;
				CLANG_WARN_OBJC_IMPLICIT_RETAIN_SELF = YES;
				CLANG_WARN_OBJC_LITERAL_CONVERSION = YES;
				CLANG_WARN_OBJC_ROOT_CLASS = YES_ERROR;
				CLANG_WARN_RANGE_LOOP_ANALYSIS = YES;
				CLANG_WARN_STRICT_PROTOTYPES = YES;
				CLANG_WARN_SUSPICIOUS_MOVE = YES;
				CLANG_WARN_UNGUARDED_AVAILABILITY = YES_AGGRESSIVE;
				CLANG_WARN_UNREACHABLE_CODE = YES;
				CLANG_WARN__DUPLICATE_METHOD_MATCH = YES;
				CODE_SIGN_IDENTITY = "iPhone Developer";
				COPY_PHASE_STRIP = NO;
				CURRENT_PROJECT_VERSION = 1;
				DEBUG_INFORMATION_FORMAT = "dwarf-with-dsym";
				ENABLE_NS_ASSERTIONS = NO;
				ENABLE_STRICT_OBJC_MSGSEND = YES;
				GCC_C_LANGUAGE_STANDARD = gnu11;
				GCC_NO_COMMON_BLOCKS = YES;
				GCC_WARN_64_TO_32_BIT_CONVERSION = YES;
				GCC_WARN_ABOUT_RETURN_TYPE = YES_ERROR;
				GCC_WARN_UNDECLARED_SELECTOR = YES;
				GCC_WARN_UNINITIALIZED_AUTOS = YES_AGGRESSIVE;
				GCC_WARN_UNUSED_FUNCTION = YES;
				GCC_WARN_UNUSED_VARIABLE = YES;
				IPHONEOS_DEPLOYMENT_TARGET = 12.1;
				MTL_ENABLE_DEBUG_INFO = NO;
				MTL_FAST_MATH = YES;
				SDKROOT = iphoneos;
				SWIFT_COMPILATION_MODE = wholemodule;
				SWIFT_OPTIMIZATION_LEVEL = "-O";
				VALIDATE_PRODUCT = YES;
				VERSIONING_SYSTEM = "apple-generic";
				VERSION_INFO_PREFIX = "";
			};
			name = Release;
		};
		A67315FE21F700DD00ECD04E /* Debug */ = {
			isa = XCBuildConfiguration;
			buildSettings = {
				ALWAYS_EMBED_SWIFT_STANDARD_LIBRARIES = YES;
				CODE_SIGN_STYLE = Automatic;
				DEVELOPMENT_TEAM = U845SG237L;
				INFOPLIST_FILE = JojoCoreTests/Info.plist;
				LD_RUNPATH_SEARCH_PATHS = (
					"$(inherited)",
					"@executable_path/Frameworks",
					"@loader_path/Frameworks",
				);
				PRODUCT_BUNDLE_IDENTIFIER = com.flint.JojoCoreTests;
				PRODUCT_NAME = "$(TARGET_NAME)";
				SWIFT_VERSION = 4.2;
				TARGETED_DEVICE_FAMILY = "1,2";
			};
			name = Debug;
		};
		A67315FF21F700DD00ECD04E /* Release */ = {
			isa = XCBuildConfiguration;
			buildSettings = {
				ALWAYS_EMBED_SWIFT_STANDARD_LIBRARIES = YES;
				CODE_SIGN_STYLE = Automatic;
				DEVELOPMENT_TEAM = U845SG237L;
				INFOPLIST_FILE = JojoCoreTests/Info.plist;
				LD_RUNPATH_SEARCH_PATHS = (
					"$(inherited)",
					"@executable_path/Frameworks",
					"@loader_path/Frameworks",
				);
				PRODUCT_BUNDLE_IDENTIFIER = com.flint.JojoCoreTests;
				PRODUCT_NAME = "$(TARGET_NAME)";
				SWIFT_VERSION = 4.2;
				TARGETED_DEVICE_FAMILY = "1,2";
			};
			name = Release;
		};
/* End XCBuildConfiguration section */

/* Begin XCConfigurationList section */
		A60AEF6B22365F8600FD3A7F /* Build configuration list for PBXNativeTarget "JojoCore" */ = {
			isa = XCConfigurationList;
			buildConfigurations = (
				A60AEF6C22365F8600FD3A7F /* Debug */,
				A60AEF6D22365F8600FD3A7F /* Release */,
			);
			defaultConfigurationIsVisible = 0;
			defaultConfigurationName = Release;
		};
		A60AEF6E22365F8600FD3A7F /* Build configuration list for PBXNativeTarget "JojoCoreTests" */ = {
			isa = XCConfigurationList;
			buildConfigurations = (
				A60AEF6F22365F8600FD3A7F /* Debug */,
				A60AEF7022365F8600FD3A7F /* Release */,
			);
			defaultConfigurationIsVisible = 0;
			defaultConfigurationName = Release;
		};
		A67315E021F700DC00ECD04E /* Build configuration list for PBXProject "JojoCore" */ = {
			isa = XCConfigurationList;
			buildConfigurations = (
				A67315F821F700DD00ECD04E /* Debug */,
				A67315F921F700DD00ECD04E /* Release */,
			);
			defaultConfigurationIsVisible = 0;
			defaultConfigurationName = Release;
		};
		A67315FD21F700DD00ECD04E /* Build configuration list for PBXNativeTarget "JojoCoreTests" */ = {
			isa = XCConfigurationList;
			buildConfigurations = (
				A67315FE21F700DD00ECD04E /* Debug */,
				A67315FF21F700DD00ECD04E /* Release */,
			);
			defaultConfigurationIsVisible = 0;
			defaultConfigurationName = Release;
		};
/* End XCConfigurationList section */
	};
	rootObject = A67315DD21F700DC00ECD04E /* Project object */;
}
